{
  "name": "noding",
  "version": "1.0.0",
  "lockfileVersion": 1,
  "requires": true,
  "dependencies": {
    "@types/commander": {
      "version": "2.12.2",
      "resolved": "https://registry.npm.taobao.org/@types/commander/download/@types/commander-2.12.2.tgz",
      "integrity": "sha1-GDBBojhC1CgUePpdI8XKeOb9CK4=",
      "requires": {
        "commander": "*"
      }
    },
    "@types/json5": {
      "version": "0.0.29",
      "resolved": "https://registry.npm.taobao.org/@types/json5/download/@types/json5-0.0.29.tgz",
      "integrity": "sha1-7ihweulOEdK4J7y+UnC86n8+ce4=",
      "dev": true
    },
    "@types/node": {
      "version": "14.10.1",
      "resolved": "https://registry.npm.taobao.org/@types/node/download/@types/node-14.10.1.tgz",
      "integrity": "sha1-zDI7rY6KUz1IIvRc5OUybzbkIXc=",
      "dev": true
    },
    "@types/yargs-parser": {
      "version": "15.0.0",
      "resolved": "https://registry.npm.taobao.org/@types/yargs-parser/download/@types/yargs-parser-15.0.0.tgz",
      "integrity": "sha1-yz+fdBhp4gzOMw/765JxWQSDiC0=",
      "dev": true
    },
    "arg": {
      "version": "4.1.3",
      "resolved": "https://registry.npm.taobao.org/arg/download/arg-4.1.3.tgz",
      "integrity": "sha1-Jp/HrVuOQstjyJbVZmAXJhwUQIk=",
      "dev": true
    },
    "buffer-from": {
      "version": "1.1.1",
      "resolved": "https://registry.npm.taobao.org/buffer-from/download/buffer-from-1.1.1.tgz",
      "integrity": "sha1-MnE7wCj3XAL9txDXx7zsHyxgcO8=",
      "dev": true
    },
    "commander": {
      "version": "6.1.0",
      "resolved": "https://registry.npm.taobao.org/commander/download/commander-6.1.0.tgz?cache=0&sync_timestamp=1598576059374&other_urls=https%3A%2F%2Fregistry.npm.taobao.org%2Fcommander%2Fdownload%2Fcommander-6.1.0.tgz",
      "integrity": "sha1-+Ncit4EDFBAGtm9Me6HpcxW6dbw="
    },
    "diff": {
      "version": "4.0.2",
      "resolved": "https://registry.npm.taobao.org/diff/download/diff-4.0.2.tgz",
      "integrity": "sha1-YPOuy4nV+uUgwRqhnvwruYKq3n0=",
      "dev": true
    },
    "json5": {
      "version": "1.0.1",
      "resolved": "https://registry.npm.taobao.org/json5/download/json5-1.0.1.tgz",
      "integrity": "sha1-d5+wAYYE+oVOrL9iUhgNg1Q+Pb4=",
      "dev": true,
      "requires": {
        "minimist": "^1.2.0"
      }
    },
    "make-error": {
      "version": "1.3.6",
      "resolved": "https://registry.npm.taobao.org/make-error/download/make-error-1.3.6.tgz",
      "integrity": "sha1-LrLjfqm2fEiR9oShOUeZr0hM96I=",
      "dev": true
    },
    "minimist": {
      "version": "1.2.5",
      "resolved": "https://registry.npm.taobao.org/minimist/download/minimist-1.2.5.tgz",
      "integrity": "sha1-Z9ZgFLZqaoqqDAg8X9WN9OTpdgI=",
      "dev": true
    },
    "reflect-metadata": {
      "version": "0.1.13",
      "resolved": "https://registry.npm.taobao.org/reflect-metadata/download/reflect-metadata-0.1.13.tgz",
      "integrity": "sha1-Z648pXyXKiqhZCsQ/jY/4y1J3Ag="
    },
    "rxjs": {
      "version": "6.6.3",
      "resolved": "https://registry.npm.taobao.org/rxjs/download/rxjs-6.6.3.tgz?cache=0&sync_timestamp=1599403365726&other_urls=https%3A%2F%2Fregistry.npm.taobao.org%2Frxjs%2Fdownload%2Frxjs-6.6.3.tgz",
      "integrity": "sha1-jKhGNcTaqQDA05Z6buesYCce5VI=",
      "requires": {
        "tslib": "^1.9.0"
      }
    },
    "source-map": {
      "version": "0.6.1",
      "resolved": "https://registry.npm.taobao.org/source-map/download/source-map-0.6.1.tgz",
      "integrity": "sha1-dHIq8y6WFOnCh6jQu95IteLxomM=",
      "dev": true
    },
    "source-map-support": {
      "version": "0.5.19",
      "resolved": "https://registry.npm.taobao.org/source-map-support/download/source-map-support-0.5.19.tgz",
      "integrity": "sha1-qYti+G3K9PZzmWSMCFKRq56P7WE=",
      "dev": true,
      "requires": {
        "buffer-from": "^1.0.0",
        "source-map": "^0.6.0"
      }
    },
    "strip-bom": {
      "version": "3.0.0",
      "resolved": "https://registry.npm.taobao.org/strip-bom/download/strip-bom-3.0.0.tgz",
      "integrity": "sha1-IzTBjpx1n3vdVv3vfprj1YjmjtM=",
      "dev": true
    },
    "ts-node": {
      "version": "9.0.0",
      "resolved": "https://registry.npm.taobao.org/ts-node/download/ts-node-9.0.0.tgz?cache=0&sync_timestamp=1598040294538&other_urls=https%3A%2F%2Fregistry.npm.taobao.org%2Fts-node%2Fdownload%2Fts-node-9.0.0.tgz",
      "integrity": "sha1-52mdKhEMyMDTuDFxXkF2iGg0YLM=",
      "dev": true,
      "requires": {
        "arg": "^4.1.0",
        "diff": "^4.0.1",
        "make-error": "^1.1.1",
        "source-map-support": "^0.5.17",
        "yn": "3.1.1"
      }
    },
    "tsconfig-paths": {
      "version": "3.9.0",
      "resolved": "https://registry.npm.taobao.org/tsconfig-paths/download/tsconfig-paths-3.9.0.tgz",
      "integrity": "sha1-CYVHpsREiAfo/Ljq4IEGTumjyQs=",
      "dev": true,
      "requires": {
        "@types/json5": "^0.0.29",
        "json5": "^1.0.1",
        "minimist": "^1.2.0",
        "strip-bom": "^3.0.0"
      }
    },
    "tslib": {
      "version": "1.13.0",
      "resolved": "https://registry.npm.taobao.org/tslib/download/tslib-1.13.0.tgz?cache=0&sync_timestamp=1596751967733&other_urls=https%3A%2F%2Fregistry.npm.taobao.org%2Ftslib%2Fdownload%2Ftslib-1.13.0.tgz",
      "integrity": "sha1-yIHhPMcBWJTtkUhi0nZDb6mkcEM="
    },
    "typescript": {
      "version": "4.0.2",
      "resolved": "https://registry.npm.taobao.org/typescript/download/typescript-4.0.2.tgz?cache=0&sync_timestamp=1599980037209&other_urls=https%3A%2F%2Fregistry.npm.taobao.org%2Ftypescript%2Fdownload%2Ftypescript-4.0.2.tgz",
      "integrity": "sha1-fqfIh3fHI8aB4zv3mIvl0AjQWsI=",
      "dev": true
    },
    "yargs-parser": {
      "version": "20.0.0",
      "resolved": "https://registry.npm.taobao.org/yargs-parser/download/yargs-parser-20.0.0.tgz?cache=0&sync_timestamp=1599672728310&other_urls=https%3A%2F%2Fregistry.npm.taobao.org%2Fyargs-parser%2Fdownload%2Fyargs-parser-20.0.0.tgz",
      "integrity": "sha1-xlodqql3rWPOvdUhWRR7eJpOGak="
    },
    "yn": {
      "version": "3.1.1",
      "resolved": "https://registry.npm.taobao.org/yn/download/yn-3.1.1.tgz",
      "integrity": "sha1-HodAGgnXZ8HV6rJqbkwYUYLS61A=",
      "dev": true
    }
  }
}
